
Microsoft Visual Studio Solution File, Format Version 12.00
# Visual Studio Version 16
VisualStudioVersion = 16.0.29123.88
MinimumVisualStudioVersion = 10.0.40219.1
Project("{FAE04EC0-301F-11D3-BF4B-00C04F79EFBC}") = "Exercicio 12", "Exercicio 12\Exercicio 12.csproj", "{6C9993DC-CBF3-4B24-BB28-E54543CB881C}"
EndProject
Global
	GlobalSection(SolutionConfigurationPlatforms) = preSolution
		Debug|Any CPU = Debug|Any CPU
		Release|Any CPU = Release|Any CPU
	EndGlobalSection
	GlobalSection(ProjectConfigurationPlatforms) = postSolution
		{6C9993DC-CBF3-4B24-BB28-E54543CB881C}.Debug|Any CPU.ActiveCfg = Debug|Any CPU
		{6C9993DC-CBF3-4B24-BB28-E54543CB881C}.Debug|Any CPU.Build.0 = Debug|Any CPU
		{6C9993DC-CBF3-4B24-BB28-E54543CB881C}.Release|Any CPU.ActiveCfg = Release|Any CPU
		{6C9993DC-CBF3-4B24-BB28-E54543CB881C}.Release|Any CPU.Build.0 = Release|Any CPU
	EndGlobalSection
	GlobalSection(SolutionProperties) = preSolution
		HideSolutionNode = FALSE
	EndGlobalSection
	GlobalSection(ExtensibilityGlobals) = postSolution
		SolutionGuid = {8D9EEC41-E371-4240-9784-8D9F163B9A66}
	EndGlobalSection
EndGlobal
