
Microsoft Visual Studio Solution File, Format Version 12.00
# Visual Studio Version 16
VisualStudioVersion = 16.0.29123.88
MinimumVisualStudioVersion = 10.0.40219.1
Project("{FAE04EC0-301F-11D3-BF4B-00C04F79EFBC}") = "Exercicio 4", "Exercicio 4\Exercicio 4.csproj", "{019F2F49-FA0F-4753-AB7E-05C240435127}"
EndProject
Global
	GlobalSection(SolutionConfigurationPlatforms) = preSolution
		Debug|Any CPU = Debug|Any CPU
		Release|Any CPU = Release|Any CPU
	EndGlobalSection
	GlobalSection(ProjectConfigurationPlatforms) = postSolution
		{019F2F49-FA0F-4753-AB7E-05C240435127}.Debug|Any CPU.ActiveCfg = Debug|Any CPU
		{019F2F49-FA0F-4753-AB7E-05C240435127}.Debug|Any CPU.Build.0 = Debug|Any CPU
		{019F2F49-FA0F-4753-AB7E-05C240435127}.Release|Any CPU.ActiveCfg = Release|Any CPU
		{019F2F49-FA0F-4753-AB7E-05C240435127}.Release|Any CPU.Build.0 = Release|Any CPU
	EndGlobalSection
	GlobalSection(SolutionProperties) = preSolution
		HideSolutionNode = FALSE
	EndGlobalSection
	GlobalSection(ExtensibilityGlobals) = postSolution
		SolutionGuid = {C20AD998-FA35-4E54-8CE8-46A636992086}
	EndGlobalSection
EndGlobal
