
Microsoft Visual Studio Solution File, Format Version 12.00
# Visual Studio Version 16
VisualStudioVersion = 16.0.29123.88
MinimumVisualStudioVersion = 10.0.40219.1
Project("{FAE04EC0-301F-11D3-BF4B-00C04F79EFBC}") = "CalculadoraFinanceira3", "CalculadoraFinanceira3\CalculadoraFinanceira3.csproj", "{7DE412A6-F22C-42BC-9151-853AB974EA6D}"
EndProject
Global
	GlobalSection(SolutionConfigurationPlatforms) = preSolution
		Debug|Any CPU = Debug|Any CPU
		Release|Any CPU = Release|Any CPU
	EndGlobalSection
	GlobalSection(ProjectConfigurationPlatforms) = postSolution
		{7DE412A6-F22C-42BC-9151-853AB974EA6D}.Debug|Any CPU.ActiveCfg = Debug|Any CPU
		{7DE412A6-F22C-42BC-9151-853AB974EA6D}.Debug|Any CPU.Build.0 = Debug|Any CPU
		{7DE412A6-F22C-42BC-9151-853AB974EA6D}.Release|Any CPU.ActiveCfg = Release|Any CPU
		{7DE412A6-F22C-42BC-9151-853AB974EA6D}.Release|Any CPU.Build.0 = Release|Any CPU
	EndGlobalSection
	GlobalSection(SolutionProperties) = preSolution
		HideSolutionNode = FALSE
	EndGlobalSection
	GlobalSection(ExtensibilityGlobals) = postSolution
		SolutionGuid = {C864D26E-37C3-465F-8A60-CA22F72FA347}
	EndGlobalSection
EndGlobal
